
Microsoft Visual Studio Solution File, Format Version 12.00
# Visual Studio Version 17
VisualStudioVersion = 17.4.33213.308
MinimumVisualStudioVersion = 10.0.40219.1
Project("{FAE04EC0-301F-11D3-BF4B-00C04F79EFBC}") = "Task41", "Lesson4\Task41\Task41.csproj", "{9AADAA5F-554F-428A-8226-E9AABC1FCB5B}"
EndProject
Project("{FAE04EC0-301F-11D3-BF4B-00C04F79EFBC}") = "Task42", "Lesson4\Task42\Task42.csproj", "{2DB10429-3242-4DB8-BEC6-3058D35990BD}"
EndProject
Project("{FAE04EC0-301F-11D3-BF4B-00C04F79EFBC}") = "Task43", "Lesson4\Task43\Task43.csproj", "{9C284668-0307-428D-A0B5-0AC36896074B}"
EndProject
Project("{2150E333-8FDC-42A3-9474-1A3956D46DE8}") = "Lesson4", "Lesson4", "{839A6F98-7561-4AF0-8946-386242CB32F1}"
EndProject
Project("{2150E333-8FDC-42A3-9474-1A3956D46DE8}") = "Lesson5", "Lesson5", "{216DEA8D-83CA-44EC-AE1A-95C63E718FF0}"
EndProject
Project("{FAE04EC0-301F-11D3-BF4B-00C04F79EFBC}") = "Task51", "Lesson5\Task51\Task51.csproj", "{A1634D24-CABF-4A52-AF46-EEB21CCB42A1}"
EndProject
Project("{FAE04EC0-301F-11D3-BF4B-00C04F79EFBC}") = "Task52", "Lesson5\Task52\Task52.csproj", "{ED818636-7E2E-4A46-BBAC-785337988520}"
EndProject
Project("{FAE04EC0-301F-11D3-BF4B-00C04F79EFBC}") = "Task53", "Lesson5\Task53\Task53.csproj", "{6F35AB06-3E21-4FA2-9C48-CF27410EFB3F}"
EndProject
Project("{FAE04EC0-301F-11D3-BF4B-00C04F79EFBC}") = "Task54", "Lesson5\Task54\Task54.csproj", "{B144716E-BAE8-47BF-B7F3-B2F83C8CA4DA}"
EndProject
Project("{FAE04EC0-301F-11D3-BF4B-00C04F79EFBC}") = "Task55", "Lesson5\Task55\Task55.csproj", "{C8016172-71DE-4B7A-8090-615E5E4687E4}"
EndProject
Project("{FAE04EC0-301F-11D3-BF4B-00C04F79EFBC}") = "Task56", "Lesson5\Task56\Task56.csproj", "{9762DED9-D4F0-4FCB-88F2-4FEC01085456}"
EndProject
Project("{2150E333-8FDC-42A3-9474-1A3956D46DE8}") = "Lesson6", "Lesson6", "{E995CDAD-7F5D-420A-9022-C9F684844B92}"
EndProject
Project("{FAE04EC0-301F-11D3-BF4B-00C04F79EFBC}") = "Task61", "Lesson6\Task61\Task61.csproj", "{8F5C610C-622F-4861-995A-2CDC5AA3D656}"
EndProject
Project("{FAE04EC0-301F-11D3-BF4B-00C04F79EFBC}") = "Task62", "Lesson6\Task62\Task62.csproj", "{2AC1C7F9-5F95-415D-B89E-ACB447542A43}"
EndProject
Project("{FAE04EC0-301F-11D3-BF4B-00C04F79EFBC}") = "Task63", "Lesson6\Task63\Task63.csproj", "{A3F5C6CB-6278-4D6D-94DD-28549B3BC239}"
EndProject
Project("{2150E333-8FDC-42A3-9474-1A3956D46DE8}") = "Lesson7", "Lesson7", "{92156229-48BD-45A9-9B8E-96E39D8C22F0}"
EndProject
Project("{FAE04EC0-301F-11D3-BF4B-00C04F79EFBC}") = "Task71", "Lesson7\Task71\Task71.csproj", "{E98FC121-7E23-4BA6-8A63-6D9DD5321199}"
EndProject
Project("{FAE04EC0-301F-11D3-BF4B-00C04F79EFBC}") = "Task72", "Lesson7\Task72\Task72.csproj", "{24ACED46-F55C-443E-A03D-6ED004858C1B}"
EndProject
Project("{2150E333-8FDC-42A3-9474-1A3956D46DE8}") = "Lesson2", "Lesson2", "{134CE462-97A8-4AAD-9926-B97ACA6CBA51}"
EndProject
Project("{2150E333-8FDC-42A3-9474-1A3956D46DE8}") = "Lesson3", "Lesson3", "{97E3C2F8-5F75-469B-A794-0CB5A403FD08}"
EndProject
Project("{FAE04EC0-301F-11D3-BF4B-00C04F79EFBC}") = "Task21", "Lesson2\Task21\Task21.csproj", "{381229E7-3C98-4477-94B2-3576E54F5087}"
EndProject
Project("{FAE04EC0-301F-11D3-BF4B-00C04F79EFBC}") = "Task22", "Lesson2\Task22\Task22.csproj", "{D697EB20-0F61-465C-999D-1551F23D1D38}"
EndProject
Project("{FAE04EC0-301F-11D3-BF4B-00C04F79EFBC}") = "Task23", "Lesson2\Task23\Task23.csproj", "{C288F0B4-6E84-46F6-8829-3CBC16C92A81}"
EndProject
Project("{FAE04EC0-301F-11D3-BF4B-00C04F79EFBC}") = "Task31", "Lesson3\Task31\Task31.csproj", "{6837B162-EB27-4B48-91D4-29DF8FEE24EB}"
EndProject
Project("{FAE04EC0-301F-11D3-BF4B-00C04F79EFBC}") = "Task32", "Lesson3\Task32\Task32.csproj", "{CC196A24-D2BC-4FC1-A494-C3CC3A656B16}"
EndProject
Project("{FAE04EC0-301F-11D3-BF4B-00C04F79EFBC}") = "Task33", "Lesson3\Task33\Task33.csproj", "{7199A7AC-12B7-456A-847B-ED000AA734B7}"
EndProject
Project("{FAE04EC0-301F-11D3-BF4B-00C04F79EFBC}") = "Task34", "Lesson3\Task34\Task34.csproj", "{3ADBDE76-E327-4C42-8CCC-6055EBB3AFFE}"
EndProject
Project("{FAE04EC0-301F-11D3-BF4B-00C04F79EFBC}") = "Task81", "Lesson8\Task81\Task81.csproj", "{F3A904C7-2979-4068-91E1-ACE922E16D2C}"
EndProject
Project("{FAE04EC0-301F-11D3-BF4B-00C04F79EFBC}") = "Task82", "Lesson8\Task82\Task82.csproj", "{27B58ADD-2A01-467C-B82A-E8BA7639A8D6}"
EndProject
Project("{FAE04EC0-301F-11D3-BF4B-00C04F79EFBC}") = "Task83", "Lesson8\Task83\Task83.csproj", "{CD73266C-F8A7-4FE8-98F0-9B3403E4964A}"
EndProject
Project("{2150E333-8FDC-42A3-9474-1A3956D46DE8}") = "Lesson8", "Lesson8", "{8CFF1C09-CC2A-4C80-9F3C-D27CB613A8F4}"
EndProject
Project("{2150E333-8FDC-42A3-9474-1A3956D46DE8}") = "Lesson9", "Lesson9", "{6FE57FCB-0239-4CD3-8E3C-D896BA3F55B2}"
EndProject
Project("{FAE04EC0-301F-11D3-BF4B-00C04F79EFBC}") = "Task91", "Lesson9\Task91\Task91.csproj", "{62EDD3E1-CCA3-40BB-9088-1228FECDCFF8}"
EndProject
Project("{2150E333-8FDC-42A3-9474-1A3956D46DE8}") = "Lesson10", "Lesson10", "{51545E86-A3C0-4C66-801E-A714B38DE76C}"
EndProject
Project("{FAE04EC0-301F-11D3-BF4B-00C04F79EFBC}") = "Task101", "Lesson10\Task101\Task101.csproj", "{87D339C3-9CF6-46F5-AE4E-DAF38C5841E7}"
EndProject
Project("{2150E333-8FDC-42A3-9474-1A3956D46DE8}") = "Lesson11", "Lesson11", "{E976288B-B3F0-4A0F-B7C1-B8AD4BCD5D86}"
EndProject
Project("{FAE04EC0-301F-11D3-BF4B-00C04F79EFBC}") = "Task111", "Lesson11\Task111\Task111.csproj", "{1B21D1DF-9F57-4C8E-85F2-7DB8E1CF2FC1}"
EndProject
Project("{2150E333-8FDC-42A3-9474-1A3956D46DE8}") = "Lesson12", "Lesson12", "{83B45867-72B0-40D4-9845-6FB447747ACB}"
EndProject
Project("{FAE04EC0-301F-11D3-BF4B-00C04F79EFBC}") = "Task121", "Lesson12\Task121\Task121.csproj", "{E3C42346-E68E-4767-885F-442AADB72308}"
EndProject
Project("{2150E333-8FDC-42A3-9474-1A3956D46DE8}") = "Lesson13", "Lesson13", "{2FFEFD66-58AE-4433-AA5D-247CC607E6EE}"
EndProject
Project("{FAE04EC0-301F-11D3-BF4B-00C04F79EFBC}") = "Task131", "Lesson13\Task131\Task131.csproj", "{60D8FFF3-9194-4774-8621-7E1B193C9FCD}"
EndProject
Project("{2150E333-8FDC-42A3-9474-1A3956D46DE8}") = "Lesson14", "Lesson14", "{3E21FF7A-79B2-456E-A2F0-0AB60ABE40AB}"
EndProject
Project("{FAE04EC0-301F-11D3-BF4B-00C04F79EFBC}") = "Task141", "Lesson14\Task141\Task141.csproj", "{708A02D1-4D13-4D63-ACE6-C4CDE31AA8E8}"
EndProject
Project("{2150E333-8FDC-42A3-9474-1A3956D46DE8}") = "Lesson15", "Lesson15", "{A23374E1-F7B8-4C5D-BA83-AB8812E37458}"
EndProject
Project("{FAE04EC0-301F-11D3-BF4B-00C04F79EFBC}") = "Task151", "Lesson15\Task151\Task151.csproj", "{21ACFC75-50E7-44B5-A593-AF2D24092114}"
EndProject
Project("{2150E333-8FDC-42A3-9474-1A3956D46DE8}") = "Lesson16", "Lesson16", "{A547DE6A-BAD3-4777-A515-E17B0A3B6733}"
EndProject
Project("{FAE04EC0-301F-11D3-BF4B-00C04F79EFBC}") = "Task161", "Lesson16\Task161\Task161.csproj", "{FFBF9293-0BDD-4A97-ACD8-2A58DE4F9E58}"
EndProject
Project("{FAE04EC0-301F-11D3-BF4B-00C04F79EFBC}") = "Task162", "Lesson16\Task162\Task162.csproj", "{1499FD38-EE0D-4C7B-A1C0-066BD3B6657A}"
EndProject
Project("{2150E333-8FDC-42A3-9474-1A3956D46DE8}") = "Lesson17", "Lesson17", "{35AEF5F1-1D3C-4550-BD0E-B828CC6D7D24}"
EndProject
Project("{FAE04EC0-301F-11D3-BF4B-00C04F79EFBC}") = "Task171", "Lesson17\Task171\Task171.csproj", "{BDCF607E-65DC-457B-9D66-2D66E82A26FB}"
EndProject
Project("{2150E333-8FDC-42A3-9474-1A3956D46DE8}") = "Lesson18", "Lesson18", "{5A1FD2E0-E86A-42A6-8F2B-DDA31AD52FA1}"
EndProject
Project("{FAE04EC0-301F-11D3-BF4B-00C04F79EFBC}") = "Task181", "Lesson18\Task181\Task181.csproj", "{6026CE2A-994E-480B-90CA-C771F2B8FD42}"
EndProject
Project("{2150E333-8FDC-42A3-9474-1A3956D46DE8}") = "Lesson19", "Lesson19", "{19CC02CA-A7EB-4019-9D94-F49692D0874C}"
EndProject
Project("{FAE04EC0-301F-11D3-BF4B-00C04F79EFBC}") = "Task191", "Lesson19\Task191\Task191.csproj", "{3B6AF98B-D5B1-49AF-92F3-24EE90CBA948}"
EndProject
Project("{2150E333-8FDC-42A3-9474-1A3956D46DE8}") = "Lesson20", "Lesson20", "{AA285BD4-A0AF-4D3F-9818-F707CD1568F3}"
EndProject
Project("{FAE04EC0-301F-11D3-BF4B-00C04F79EFBC}") = "Task201", "Lesson20\Task201\Task201.csproj", "{CC8B45E1-5EE9-4C96-B634-7D734F5A7916}"
EndProject
Project("{2150E333-8FDC-42A3-9474-1A3956D46DE8}") = "Lesson21", "Lesson21", "{5392BDDB-A955-4A0C-89D1-EF622CEBADA1}"
EndProject
Project("{FAE04EC0-301F-11D3-BF4B-00C04F79EFBC}") = "Task211", "Lesson21\Task211\Task211.csproj", "{3EC5A7BC-1B7F-4357-A2D7-1202A3A80111}"
EndProject
Global
	GlobalSection(SolutionConfigurationPlatforms) = preSolution
		Debug|Any CPU = Debug|Any CPU
		Release|Any CPU = Release|Any CPU
	EndGlobalSection
	GlobalSection(ProjectConfigurationPlatforms) = postSolution
		{9AADAA5F-554F-428A-8226-E9AABC1FCB5B}.Debug|Any CPU.ActiveCfg = Debug|Any CPU
		{9AADAA5F-554F-428A-8226-E9AABC1FCB5B}.Debug|Any CPU.Build.0 = Debug|Any CPU
		{9AADAA5F-554F-428A-8226-E9AABC1FCB5B}.Release|Any CPU.ActiveCfg = Release|Any CPU
		{9AADAA5F-554F-428A-8226-E9AABC1FCB5B}.Release|Any CPU.Build.0 = Release|Any CPU
		{2DB10429-3242-4DB8-BEC6-3058D35990BD}.Debug|Any CPU.ActiveCfg = Debug|Any CPU
		{2DB10429-3242-4DB8-BEC6-3058D35990BD}.Debug|Any CPU.Build.0 = Debug|Any CPU
		{2DB10429-3242-4DB8-BEC6-3058D35990BD}.Release|Any CPU.ActiveCfg = Release|Any CPU
		{2DB10429-3242-4DB8-BEC6-3058D35990BD}.Release|Any CPU.Build.0 = Release|Any CPU
		{9C284668-0307-428D-A0B5-0AC36896074B}.Debug|Any CPU.ActiveCfg = Debug|Any CPU
		{9C284668-0307-428D-A0B5-0AC36896074B}.Debug|Any CPU.Build.0 = Debug|Any CPU
		{9C284668-0307-428D-A0B5-0AC36896074B}.Release|Any CPU.ActiveCfg = Release|Any CPU
		{9C284668-0307-428D-A0B5-0AC36896074B}.Release|Any CPU.Build.0 = Release|Any CPU
		{A1634D24-CABF-4A52-AF46-EEB21CCB42A1}.Debug|Any CPU.ActiveCfg = Debug|Any CPU
		{A1634D24-CABF-4A52-AF46-EEB21CCB42A1}.Debug|Any CPU.Build.0 = Debug|Any CPU
		{A1634D24-CABF-4A52-AF46-EEB21CCB42A1}.Release|Any CPU.ActiveCfg = Release|Any CPU
		{A1634D24-CABF-4A52-AF46-EEB21CCB42A1}.Release|Any CPU.Build.0 = Release|Any CPU
		{ED818636-7E2E-4A46-BBAC-785337988520}.Debug|Any CPU.ActiveCfg = Debug|Any CPU
		{ED818636-7E2E-4A46-BBAC-785337988520}.Debug|Any CPU.Build.0 = Debug|Any CPU
		{ED818636-7E2E-4A46-BBAC-785337988520}.Release|Any CPU.ActiveCfg = Release|Any CPU
		{ED818636-7E2E-4A46-BBAC-785337988520}.Release|Any CPU.Build.0 = Release|Any CPU
		{6F35AB06-3E21-4FA2-9C48-CF27410EFB3F}.Debug|Any CPU.ActiveCfg = Debug|Any CPU
		{6F35AB06-3E21-4FA2-9C48-CF27410EFB3F}.Debug|Any CPU.Build.0 = Debug|Any CPU
		{6F35AB06-3E21-4FA2-9C48-CF27410EFB3F}.Release|Any CPU.ActiveCfg = Release|Any CPU
		{6F35AB06-3E21-4FA2-9C48-CF27410EFB3F}.Release|Any CPU.Build.0 = Release|Any CPU
		{B144716E-BAE8-47BF-B7F3-B2F83C8CA4DA}.Debug|Any CPU.ActiveCfg = Debug|Any CPU
		{B144716E-BAE8-47BF-B7F3-B2F83C8CA4DA}.Debug|Any CPU.Build.0 = Debug|Any CPU
		{B144716E-BAE8-47BF-B7F3-B2F83C8CA4DA}.Release|Any CPU.ActiveCfg = Release|Any CPU
		{B144716E-BAE8-47BF-B7F3-B2F83C8CA4DA}.Release|Any CPU.Build.0 = Release|Any CPU
		{C8016172-71DE-4B7A-8090-615E5E4687E4}.Debug|Any CPU.ActiveCfg = Debug|Any CPU
		{C8016172-71DE-4B7A-8090-615E5E4687E4}.Debug|Any CPU.Build.0 = Debug|Any CPU
		{C8016172-71DE-4B7A-8090-615E5E4687E4}.Release|Any CPU.ActiveCfg = Release|Any CPU
		{C8016172-71DE-4B7A-8090-615E5E4687E4}.Release|Any CPU.Build.0 = Release|Any CPU
		{9762DED9-D4F0-4FCB-88F2-4FEC01085456}.Debug|Any CPU.ActiveCfg = Debug|Any CPU
		{9762DED9-D4F0-4FCB-88F2-4FEC01085456}.Debug|Any CPU.Build.0 = Debug|Any CPU
		{9762DED9-D4F0-4FCB-88F2-4FEC01085456}.Release|Any CPU.ActiveCfg = Release|Any CPU
		{9762DED9-D4F0-4FCB-88F2-4FEC01085456}.Release|Any CPU.Build.0 = Release|Any CPU
		{8F5C610C-622F-4861-995A-2CDC5AA3D656}.Debug|Any CPU.ActiveCfg = Debug|Any CPU
		{8F5C610C-622F-4861-995A-2CDC5AA3D656}.Debug|Any CPU.Build.0 = Debug|Any CPU
		{8F5C610C-622F-4861-995A-2CDC5AA3D656}.Release|Any CPU.ActiveCfg = Release|Any CPU
		{8F5C610C-622F-4861-995A-2CDC5AA3D656}.Release|Any CPU.Build.0 = Release|Any CPU
		{2AC1C7F9-5F95-415D-B89E-ACB447542A43}.Debug|Any CPU.ActiveCfg = Debug|Any CPU
		{2AC1C7F9-5F95-415D-B89E-ACB447542A43}.Debug|Any CPU.Build.0 = Debug|Any CPU
		{2AC1C7F9-5F95-415D-B89E-ACB447542A43}.Release|Any CPU.ActiveCfg = Release|Any CPU
		{2AC1C7F9-5F95-415D-B89E-ACB447542A43}.Release|Any CPU.Build.0 = Release|Any CPU
		{A3F5C6CB-6278-4D6D-94DD-28549B3BC239}.Debug|Any CPU.ActiveCfg = Debug|Any CPU
		{A3F5C6CB-6278-4D6D-94DD-28549B3BC239}.Debug|Any CPU.Build.0 = Debug|Any CPU
		{A3F5C6CB-6278-4D6D-94DD-28549B3BC239}.Release|Any CPU.ActiveCfg = Release|Any CPU
		{A3F5C6CB-6278-4D6D-94DD-28549B3BC239}.Release|Any CPU.Build.0 = Release|Any CPU
		{E98FC121-7E23-4BA6-8A63-6D9DD5321199}.Debug|Any CPU.ActiveCfg = Debug|Any CPU
		{E98FC121-7E23-4BA6-8A63-6D9DD5321199}.Debug|Any CPU.Build.0 = Debug|Any CPU
		{E98FC121-7E23-4BA6-8A63-6D9DD5321199}.Release|Any CPU.ActiveCfg = Release|Any CPU
		{E98FC121-7E23-4BA6-8A63-6D9DD5321199}.Release|Any CPU.Build.0 = Release|Any CPU
		{24ACED46-F55C-443E-A03D-6ED004858C1B}.Debug|Any CPU.ActiveCfg = Debug|Any CPU
		{24ACED46-F55C-443E-A03D-6ED004858C1B}.Debug|Any CPU.Build.0 = Debug|Any CPU
		{24ACED46-F55C-443E-A03D-6ED004858C1B}.Release|Any CPU.ActiveCfg = Release|Any CPU
		{24ACED46-F55C-443E-A03D-6ED004858C1B}.Release|Any CPU.Build.0 = Release|Any CPU
		{381229E7-3C98-4477-94B2-3576E54F5087}.Debug|Any CPU.ActiveCfg = Debug|Any CPU
		{381229E7-3C98-4477-94B2-3576E54F5087}.Debug|Any CPU.Build.0 = Debug|Any CPU
		{381229E7-3C98-4477-94B2-3576E54F5087}.Release|Any CPU.ActiveCfg = Release|Any CPU
		{381229E7-3C98-4477-94B2-3576E54F5087}.Release|Any CPU.Build.0 = Release|Any CPU
		{D697EB20-0F61-465C-999D-1551F23D1D38}.Debug|Any CPU.ActiveCfg = Debug|Any CPU
		{D697EB20-0F61-465C-999D-1551F23D1D38}.Debug|Any CPU.Build.0 = Debug|Any CPU
		{D697EB20-0F61-465C-999D-1551F23D1D38}.Release|Any CPU.ActiveCfg = Release|Any CPU
		{D697EB20-0F61-465C-999D-1551F23D1D38}.Release|Any CPU.Build.0 = Release|Any CPU
		{C288F0B4-6E84-46F6-8829-3CBC16C92A81}.Debug|Any CPU.ActiveCfg = Debug|Any CPU
		{C288F0B4-6E84-46F6-8829-3CBC16C92A81}.Debug|Any CPU.Build.0 = Debug|Any CPU
		{C288F0B4-6E84-46F6-8829-3CBC16C92A81}.Release|Any CPU.ActiveCfg = Release|Any CPU
		{C288F0B4-6E84-46F6-8829-3CBC16C92A81}.Release|Any CPU.Build.0 = Release|Any CPU
		{6837B162-EB27-4B48-91D4-29DF8FEE24EB}.Debug|Any CPU.ActiveCfg = Debug|Any CPU
		{6837B162-EB27-4B48-91D4-29DF8FEE24EB}.Debug|Any CPU.Build.0 = Debug|Any CPU
		{6837B162-EB27-4B48-91D4-29DF8FEE24EB}.Release|Any CPU.ActiveCfg = Release|Any CPU
		{6837B162-EB27-4B48-91D4-29DF8FEE24EB}.Release|Any CPU.Build.0 = Release|Any CPU
		{CC196A24-D2BC-4FC1-A494-C3CC3A656B16}.Debug|Any CPU.ActiveCfg = Debug|Any CPU
		{CC196A24-D2BC-4FC1-A494-C3CC3A656B16}.Debug|Any CPU.Build.0 = Debug|Any CPU
		{CC196A24-D2BC-4FC1-A494-C3CC3A656B16}.Release|Any CPU.ActiveCfg = Release|Any CPU
		{CC196A24-D2BC-4FC1-A494-C3CC3A656B16}.Release|Any CPU.Build.0 = Release|Any CPU
		{7199A7AC-12B7-456A-847B-ED000AA734B7}.Debug|Any CPU.ActiveCfg = Debug|Any CPU
		{7199A7AC-12B7-456A-847B-ED000AA734B7}.Debug|Any CPU.Build.0 = Debug|Any CPU
		{7199A7AC-12B7-456A-847B-ED000AA734B7}.Release|Any CPU.ActiveCfg = Release|Any CPU
		{7199A7AC-12B7-456A-847B-ED000AA734B7}.Release|Any CPU.Build.0 = Release|Any CPU
		{3ADBDE76-E327-4C42-8CCC-6055EBB3AFFE}.Debug|Any CPU.ActiveCfg = Debug|Any CPU
		{3ADBDE76-E327-4C42-8CCC-6055EBB3AFFE}.Debug|Any CPU.Build.0 = Debug|Any CPU
		{3ADBDE76-E327-4C42-8CCC-6055EBB3AFFE}.Release|Any CPU.ActiveCfg = Release|Any CPU
		{3ADBDE76-E327-4C42-8CCC-6055EBB3AFFE}.Release|Any CPU.Build.0 = Release|Any CPU
		{F3A904C7-2979-4068-91E1-ACE922E16D2C}.Debug|Any CPU.ActiveCfg = Debug|Any CPU
		{F3A904C7-2979-4068-91E1-ACE922E16D2C}.Debug|Any CPU.Build.0 = Debug|Any CPU
		{F3A904C7-2979-4068-91E1-ACE922E16D2C}.Release|Any CPU.ActiveCfg = Release|Any CPU
		{F3A904C7-2979-4068-91E1-ACE922E16D2C}.Release|Any CPU.Build.0 = Release|Any CPU
		{27B58ADD-2A01-467C-B82A-E8BA7639A8D6}.Debug|Any CPU.ActiveCfg = Debug|Any CPU
		{27B58ADD-2A01-467C-B82A-E8BA7639A8D6}.Debug|Any CPU.Build.0 = Debug|Any CPU
		{27B58ADD-2A01-467C-B82A-E8BA7639A8D6}.Release|Any CPU.ActiveCfg = Release|Any CPU
		{27B58ADD-2A01-467C-B82A-E8BA7639A8D6}.Release|Any CPU.Build.0 = Release|Any CPU
		{CD73266C-F8A7-4FE8-98F0-9B3403E4964A}.Debug|Any CPU.ActiveCfg = Debug|Any CPU
		{CD73266C-F8A7-4FE8-98F0-9B3403E4964A}.Debug|Any CPU.Build.0 = Debug|Any CPU
		{CD73266C-F8A7-4FE8-98F0-9B3403E4964A}.Release|Any CPU.ActiveCfg = Release|Any CPU
		{CD73266C-F8A7-4FE8-98F0-9B3403E4964A}.Release|Any CPU.Build.0 = Release|Any CPU
		{62EDD3E1-CCA3-40BB-9088-1228FECDCFF8}.Debug|Any CPU.ActiveCfg = Debug|Any CPU
		{62EDD3E1-CCA3-40BB-9088-1228FECDCFF8}.Debug|Any CPU.Build.0 = Debug|Any CPU
		{62EDD3E1-CCA3-40BB-9088-1228FECDCFF8}.Release|Any CPU.ActiveCfg = Release|Any CPU
		{62EDD3E1-CCA3-40BB-9088-1228FECDCFF8}.Release|Any CPU.Build.0 = Release|Any CPU
		{87D339C3-9CF6-46F5-AE4E-DAF38C5841E7}.Debug|Any CPU.ActiveCfg = Debug|Any CPU
		{87D339C3-9CF6-46F5-AE4E-DAF38C5841E7}.Debug|Any CPU.Build.0 = Debug|Any CPU
		{87D339C3-9CF6-46F5-AE4E-DAF38C5841E7}.Release|Any CPU.ActiveCfg = Release|Any CPU
		{87D339C3-9CF6-46F5-AE4E-DAF38C5841E7}.Release|Any CPU.Build.0 = Release|Any CPU
		{1B21D1DF-9F57-4C8E-85F2-7DB8E1CF2FC1}.Debug|Any CPU.ActiveCfg = Debug|Any CPU
		{1B21D1DF-9F57-4C8E-85F2-7DB8E1CF2FC1}.Debug|Any CPU.Build.0 = Debug|Any CPU
		{1B21D1DF-9F57-4C8E-85F2-7DB8E1CF2FC1}.Release|Any CPU.ActiveCfg = Release|Any CPU
		{1B21D1DF-9F57-4C8E-85F2-7DB8E1CF2FC1}.Release|Any CPU.Build.0 = Release|Any CPU
		{E3C42346-E68E-4767-885F-442AADB72308}.Debug|Any CPU.ActiveCfg = Debug|Any CPU
		{E3C42346-E68E-4767-885F-442AADB72308}.Debug|Any CPU.Build.0 = Debug|Any CPU
		{E3C42346-E68E-4767-885F-442AADB72308}.Release|Any CPU.ActiveCfg = Release|Any CPU
		{E3C42346-E68E-4767-885F-442AADB72308}.Release|Any CPU.Build.0 = Release|Any CPU
		{60D8FFF3-9194-4774-8621-7E1B193C9FCD}.Debug|Any CPU.ActiveCfg = Debug|Any CPU
		{60D8FFF3-9194-4774-8621-7E1B193C9FCD}.Debug|Any CPU.Build.0 = Debug|Any CPU
		{60D8FFF3-9194-4774-8621-7E1B193C9FCD}.Release|Any CPU.ActiveCfg = Release|Any CPU
		{60D8FFF3-9194-4774-8621-7E1B193C9FCD}.Release|Any CPU.Build.0 = Release|Any CPU
		{708A02D1-4D13-4D63-ACE6-C4CDE31AA8E8}.Debug|Any CPU.ActiveCfg = Debug|Any CPU
		{708A02D1-4D13-4D63-ACE6-C4CDE31AA8E8}.Debug|Any CPU.Build.0 = Debug|Any CPU
		{708A02D1-4D13-4D63-ACE6-C4CDE31AA8E8}.Release|Any CPU.ActiveCfg = Release|Any CPU
		{708A02D1-4D13-4D63-ACE6-C4CDE31AA8E8}.Release|Any CPU.Build.0 = Release|Any CPU
		{21ACFC75-50E7-44B5-A593-AF2D24092114}.Debug|Any CPU.ActiveCfg = Debug|Any CPU
		{21ACFC75-50E7-44B5-A593-AF2D24092114}.Debug|Any CPU.Build.0 = Debug|Any CPU
		{21ACFC75-50E7-44B5-A593-AF2D24092114}.Release|Any CPU.ActiveCfg = Release|Any CPU
		{21ACFC75-50E7-44B5-A593-AF2D24092114}.Release|Any CPU.Build.0 = Release|Any CPU
		{FFBF9293-0BDD-4A97-ACD8-2A58DE4F9E58}.Debug|Any CPU.ActiveCfg = Debug|Any CPU
		{FFBF9293-0BDD-4A97-ACD8-2A58DE4F9E58}.Debug|Any CPU.Build.0 = Debug|Any CPU
		{FFBF9293-0BDD-4A97-ACD8-2A58DE4F9E58}.Release|Any CPU.ActiveCfg = Release|Any CPU
		{FFBF9293-0BDD-4A97-ACD8-2A58DE4F9E58}.Release|Any CPU.Build.0 = Release|Any CPU
		{1499FD38-EE0D-4C7B-A1C0-066BD3B6657A}.Debug|Any CPU.ActiveCfg = Debug|Any CPU
		{1499FD38-EE0D-4C7B-A1C0-066BD3B6657A}.Debug|Any CPU.Build.0 = Debug|Any CPU
		{1499FD38-EE0D-4C7B-A1C0-066BD3B6657A}.Release|Any CPU.ActiveCfg = Release|Any CPU
		{1499FD38-EE0D-4C7B-A1C0-066BD3B6657A}.Release|Any CPU.Build.0 = Release|Any CPU
		{BDCF607E-65DC-457B-9D66-2D66E82A26FB}.Debug|Any CPU.ActiveCfg = Debug|Any CPU
		{BDCF607E-65DC-457B-9D66-2D66E82A26FB}.Debug|Any CPU.Build.0 = Debug|Any CPU
		{BDCF607E-65DC-457B-9D66-2D66E82A26FB}.Release|Any CPU.ActiveCfg = Release|Any CPU
		{BDCF607E-65DC-457B-9D66-2D66E82A26FB}.Release|Any CPU.Build.0 = Release|Any CPU
		{6026CE2A-994E-480B-90CA-C771F2B8FD42}.Debug|Any CPU.ActiveCfg = Debug|Any CPU
		{6026CE2A-994E-480B-90CA-C771F2B8FD42}.Debug|Any CPU.Build.0 = Debug|Any CPU
		{6026CE2A-994E-480B-90CA-C771F2B8FD42}.Release|Any CPU.ActiveCfg = Release|Any CPU
		{6026CE2A-994E-480B-90CA-C771F2B8FD42}.Release|Any CPU.Build.0 = Release|Any CPU
		{3B6AF98B-D5B1-49AF-92F3-24EE90CBA948}.Debug|Any CPU.ActiveCfg = Debug|Any CPU
		{3B6AF98B-D5B1-49AF-92F3-24EE90CBA948}.Debug|Any CPU.Build.0 = Debug|Any CPU
		{3B6AF98B-D5B1-49AF-92F3-24EE90CBA948}.Release|Any CPU.ActiveCfg = Release|Any CPU
		{3B6AF98B-D5B1-49AF-92F3-24EE90CBA948}.Release|Any CPU.Build.0 = Release|Any CPU
		{CC8B45E1-5EE9-4C96-B634-7D734F5A7916}.Debug|Any CPU.ActiveCfg = Debug|Any CPU
		{CC8B45E1-5EE9-4C96-B634-7D734F5A7916}.Debug|Any CPU.Build.0 = Debug|Any CPU
		{CC8B45E1-5EE9-4C96-B634-7D734F5A7916}.Release|Any CPU.ActiveCfg = Release|Any CPU
		{CC8B45E1-5EE9-4C96-B634-7D734F5A7916}.Release|Any CPU.Build.0 = Release|Any CPU
		{3EC5A7BC-1B7F-4357-A2D7-1202A3A80111}.Debug|Any CPU.ActiveCfg = Debug|Any CPU
		{3EC5A7BC-1B7F-4357-A2D7-1202A3A80111}.Debug|Any CPU.Build.0 = Debug|Any CPU
		{3EC5A7BC-1B7F-4357-A2D7-1202A3A80111}.Release|Any CPU.ActiveCfg = Release|Any CPU
		{3EC5A7BC-1B7F-4357-A2D7-1202A3A80111}.Release|Any CPU.Build.0 = Release|Any CPU
	EndGlobalSection
	GlobalSection(SolutionProperties) = preSolution
		HideSolutionNode = FALSE
	EndGlobalSection
	GlobalSection(NestedProjects) = preSolution
		{9AADAA5F-554F-428A-8226-E9AABC1FCB5B} = {839A6F98-7561-4AF0-8946-386242CB32F1}
		{2DB10429-3242-4DB8-BEC6-3058D35990BD} = {839A6F98-7561-4AF0-8946-386242CB32F1}
		{9C284668-0307-428D-A0B5-0AC36896074B} = {839A6F98-7561-4AF0-8946-386242CB32F1}
		{A1634D24-CABF-4A52-AF46-EEB21CCB42A1} = {216DEA8D-83CA-44EC-AE1A-95C63E718FF0}
		{ED818636-7E2E-4A46-BBAC-785337988520} = {216DEA8D-83CA-44EC-AE1A-95C63E718FF0}
		{6F35AB06-3E21-4FA2-9C48-CF27410EFB3F} = {216DEA8D-83CA-44EC-AE1A-95C63E718FF0}
		{B144716E-BAE8-47BF-B7F3-B2F83C8CA4DA} = {216DEA8D-83CA-44EC-AE1A-95C63E718FF0}
		{C8016172-71DE-4B7A-8090-615E5E4687E4} = {216DEA8D-83CA-44EC-AE1A-95C63E718FF0}
		{9762DED9-D4F0-4FCB-88F2-4FEC01085456} = {216DEA8D-83CA-44EC-AE1A-95C63E718FF0}
		{8F5C610C-622F-4861-995A-2CDC5AA3D656} = {E995CDAD-7F5D-420A-9022-C9F684844B92}
		{2AC1C7F9-5F95-415D-B89E-ACB447542A43} = {E995CDAD-7F5D-420A-9022-C9F684844B92}
		{A3F5C6CB-6278-4D6D-94DD-28549B3BC239} = {E995CDAD-7F5D-420A-9022-C9F684844B92}
		{E98FC121-7E23-4BA6-8A63-6D9DD5321199} = {92156229-48BD-45A9-9B8E-96E39D8C22F0}
		{24ACED46-F55C-443E-A03D-6ED004858C1B} = {92156229-48BD-45A9-9B8E-96E39D8C22F0}
		{381229E7-3C98-4477-94B2-3576E54F5087} = {134CE462-97A8-4AAD-9926-B97ACA6CBA51}
		{D697EB20-0F61-465C-999D-1551F23D1D38} = {134CE462-97A8-4AAD-9926-B97ACA6CBA51}
		{C288F0B4-6E84-46F6-8829-3CBC16C92A81} = {134CE462-97A8-4AAD-9926-B97ACA6CBA51}
		{6837B162-EB27-4B48-91D4-29DF8FEE24EB} = {97E3C2F8-5F75-469B-A794-0CB5A403FD08}
		{CC196A24-D2BC-4FC1-A494-C3CC3A656B16} = {97E3C2F8-5F75-469B-A794-0CB5A403FD08}
		{7199A7AC-12B7-456A-847B-ED000AA734B7} = {97E3C2F8-5F75-469B-A794-0CB5A403FD08}
		{3ADBDE76-E327-4C42-8CCC-6055EBB3AFFE} = {97E3C2F8-5F75-469B-A794-0CB5A403FD08}
		{F3A904C7-2979-4068-91E1-ACE922E16D2C} = {8CFF1C09-CC2A-4C80-9F3C-D27CB613A8F4}
		{27B58ADD-2A01-467C-B82A-E8BA7639A8D6} = {8CFF1C09-CC2A-4C80-9F3C-D27CB613A8F4}
		{CD73266C-F8A7-4FE8-98F0-9B3403E4964A} = {8CFF1C09-CC2A-4C80-9F3C-D27CB613A8F4}
		{62EDD3E1-CCA3-40BB-9088-1228FECDCFF8} = {6FE57FCB-0239-4CD3-8E3C-D896BA3F55B2}
		{87D339C3-9CF6-46F5-AE4E-DAF38C5841E7} = {51545E86-A3C0-4C66-801E-A714B38DE76C}
		{1B21D1DF-9F57-4C8E-85F2-7DB8E1CF2FC1} = {E976288B-B3F0-4A0F-B7C1-B8AD4BCD5D86}
		{E3C42346-E68E-4767-885F-442AADB72308} = {83B45867-72B0-40D4-9845-6FB447747ACB}
		{60D8FFF3-9194-4774-8621-7E1B193C9FCD} = {2FFEFD66-58AE-4433-AA5D-247CC607E6EE}
		{708A02D1-4D13-4D63-ACE6-C4CDE31AA8E8} = {3E21FF7A-79B2-456E-A2F0-0AB60ABE40AB}
		{21ACFC75-50E7-44B5-A593-AF2D24092114} = {A23374E1-F7B8-4C5D-BA83-AB8812E37458}
		{FFBF9293-0BDD-4A97-ACD8-2A58DE4F9E58} = {A547DE6A-BAD3-4777-A515-E17B0A3B6733}
		{1499FD38-EE0D-4C7B-A1C0-066BD3B6657A} = {A547DE6A-BAD3-4777-A515-E17B0A3B6733}
		{BDCF607E-65DC-457B-9D66-2D66E82A26FB} = {35AEF5F1-1D3C-4550-BD0E-B828CC6D7D24}
		{6026CE2A-994E-480B-90CA-C771F2B8FD42} = {5A1FD2E0-E86A-42A6-8F2B-DDA31AD52FA1}
		{3B6AF98B-D5B1-49AF-92F3-24EE90CBA948} = {19CC02CA-A7EB-4019-9D94-F49692D0874C}
		{CC8B45E1-5EE9-4C96-B634-7D734F5A7916} = {AA285BD4-A0AF-4D3F-9818-F707CD1568F3}
		{3EC5A7BC-1B7F-4357-A2D7-1202A3A80111} = {5392BDDB-A955-4A0C-89D1-EF622CEBADA1}
	EndGlobalSection
	GlobalSection(ExtensibilityGlobals) = postSolution
		SolutionGuid = {3B2DE963-8A57-42F9-B727-EE94B980F42A}
	EndGlobalSection
EndGlobal
